// !$*UTF8*$!
{
	archiveVersion = 1;
	classes = {
	};
	objectVersion = 50;
	objects = {

/* Begin PBXBuildFile section */
		B72C4F0B2446636A0081B65A /* ReusableCell.swift in Sources */ = {isa = PBXBuildFile; fileRef = B72C4F0A2446636A0081B65A /* ReusableCell.swift */; };
		B72C4F34244756300081B65A /* Gallery.xcdatamodeld in Sources */ = {isa = PBXBuildFile; fileRef = B72C4F32244756300081B65A /* Gallery.xcdatamodeld */; };
		B72C4F3A244756510081B65A /* CacheableImage.swift in Sources */ = {isa = PBXBuildFile; fileRef = B72C4F39244756510081B65A /* CacheableImage.swift */; };
		B72C4F492447571A0081B65A /* Image.swift in Sources */ = {isa = PBXBuildFile; fileRef = B72C4F472447571A0081B65A /* Image.swift */; };
		B72E368E2447614300E54982 /* Database.swift in Sources */ = {isa = PBXBuildFile; fileRef = B72E368D2447614300E54982 /* Database.swift */; };
		B72E36942447919E00E54982 /* UIImageExtensions.swift in Sources */ = {isa = PBXBuildFile; fileRef = B72E36932447919E00E54982 /* UIImageExtensions.swift */; };
		B72E36962447A97600E54982 /* CGSize+Image.swift in Sources */ = {isa = PBXBuildFile; fileRef = B72E36952447A97600E54982 /* CGSize+Image.swift */; };
		B7BD3E1A2444BD560057721C /* AppDelegate.swift in Sources */ = {isa = PBXBuildFile; fileRef = B7BD3E192444BD560057721C /* AppDelegate.swift */; };
		B7BD3E212444BD560057721C /* Main.storyboard in Resources */ = {isa = PBXBuildFile; fileRef = B7BD3E1F2444BD560057721C /* Main.storyboard */; };
		B7BD3E232444BD590057721C /* Assets.xcassets in Resources */ = {isa = PBXBuildFile; fileRef = B7BD3E222444BD590057721C /* Assets.xcassets */; };
		B7BD3E262444BD590057721C /* LaunchScreen.storyboard in Resources */ = {isa = PBXBuildFile; fileRef = B7BD3E242444BD590057721C /* LaunchScreen.storyboard */; };
		B7BD3E352444BE640057721C /* ImageCollectionViewCell.swift in Sources */ = {isa = PBXBuildFile; fileRef = B7BD3E342444BE640057721C /* ImageCollectionViewCell.swift */; };
		B7BD3E372444BEB70057721C /* Network.swift in Sources */ = {isa = PBXBuildFile; fileRef = B7BD3E362444BEB70057721C /* Network.swift */; };
		B7BD3E3D2444C29F0057721C /* Cancellable.swift in Sources */ = {isa = PBXBuildFile; fileRef = B7BD3E3C2444C29F0057721C /* Cancellable.swift */; };
		B7BD3E3F2444C4180057721C /* GalleryViewController.swift in Sources */ = {isa = PBXBuildFile; fileRef = B7BD3E3E2444C4180057721C /* GalleryViewController.swift */; };
		B7BD3E422444C4BF0057721C /* GalleryCollectionViewModel.swift in Sources */ = {isa = PBXBuildFile; fileRef = B7BD3E412444C4BF0057721C /* GalleryCollectionViewModel.swift */; };
		B7BD3E462444CA500057721C /* PhotoDetailViewController.swift in Sources */ = {isa = PBXBuildFile; fileRef = B7BD3E452444CA500057721C /* PhotoDetailViewController.swift */; };
		B7BD3E482444CE000057721C /* Router.swift in Sources */ = {isa = PBXBuildFile; fileRef = B7BD3E472444CE000057721C /* Router.swift */; };
		B7BD3E4A2444CE0C0057721C /* URLFactory.swift in Sources */ = {isa = PBXBuildFile; fileRef = B7BD3E492444CE0C0057721C /* URLFactory.swift */; };
		B7BD3E4C2444DE0B0057721C /* ImageCache.swift in Sources */ = {isa = PBXBuildFile; fileRef = B7BD3E4B2444DE0B0057721C /* ImageCache.swift */; };
		B7BD3E4E2444DE200057721C /* ImageLoader.swift in Sources */ = {isa = PBXBuildFile; fileRef = B7BD3E4D2444DE200057721C /* ImageLoader.swift */; };
/* End PBXBuildFile section */

/* Begin PBXFileReference section */
		B72C4F0A2446636A0081B65A /* ReusableCell.swift */ = {isa = PBXFileReference; lastKnownFileType = sourcecode.swift; path = ReusableCell.swift; sourceTree = "<group>"; };
		B72C4F33244756300081B65A /* Gallery.xcdatamodel */ = {isa = PBXFileReference; lastKnownFileType = wrapper.xcdatamodel; path = Gallery.xcdatamodel; sourceTree = "<group>"; };
		B72C4F39244756510081B65A /* CacheableImage.swift */ = {isa = PBXFileReference; lastKnownFileType = sourcecode.swift; path = CacheableImage.swift; sourceTree = "<group>"; };
		B72C4F472447571A0081B65A /* Image.swift */ = {isa = PBXFileReference; lastKnownFileType = sourcecode.swift; path = Image.swift; sourceTree = "<group>"; };
		B72E368D2447614300E54982 /* Database.swift */ = {isa = PBXFileReference; lastKnownFileType = sourcecode.swift; path = Database.swift; sourceTree = "<group>"; };
		B72E36932447919E00E54982 /* UIImageExtensions.swift */ = {isa = PBXFileReference; lastKnownFileType = sourcecode.swift; path = UIImageExtensions.swift; sourceTree = "<group>"; };
		B72E36952447A97600E54982 /* CGSize+Image.swift */ = {isa = PBXFileReference; lastKnownFileType = sourcecode.swift; path = "CGSize+Image.swift"; sourceTree = "<group>"; };
		B7BD3E162444BD560057721C /* Gallery.app */ = {isa = PBXFileReference; explicitFileType = wrapper.application; includeInIndex = 0; path = Gallery.app; sourceTree = BUILT_PRODUCTS_DIR; };
		B7BD3E192444BD560057721C /* AppDelegate.swift */ = {isa = PBXFileReference; lastKnownFileType = sourcecode.swift; path = AppDelegate.swift; sourceTree = "<group>"; };
		B7BD3E202444BD560057721C /* Base */ = {isa = PBXFileReference; lastKnownFileType = file.storyboard; name = Base; path = Base.lproj/Main.storyboard; sourceTree = "<group>"; };
		B7BD3E222444BD590057721C /* Assets.xcassets */ = {isa = PBXFileReference; lastKnownFileType = folder.assetcatalog; path = Assets.xcassets; sourceTree = "<group>"; };
		B7BD3E252444BD590057721C /* Base */ = {isa = PBXFileReference; lastKnownFileType = file.storyboard; name = Base; path = Base.lproj/LaunchScreen.storyboard; sourceTree = "<group>"; };
		B7BD3E272444BD590057721C /* Info.plist */ = {isa = PBXFileReference; lastKnownFileType = text.plist.xml; path = Info.plist; sourceTree = "<group>"; };
		B7BD3E342444BE640057721C /* ImageCollectionViewCell.swift */ = {isa = PBXFileReference; lastKnownFileType = sourcecode.swift; path = ImageCollectionViewCell.swift; sourceTree = "<group>"; };
		B7BD3E362444BEB70057721C /* Network.swift */ = {isa = PBXFileReference; lastKnownFileType = sourcecode.swift; path = Network.swift; sourceTree = "<group>"; };
		B7BD3E3C2444C29F0057721C /* Cancellable.swift */ = {isa = PBXFileReference; lastKnownFileType = sourcecode.swift; path = Cancellable.swift; sourceTree = "<group>"; };
		B7BD3E3E2444C4180057721C /* GalleryViewController.swift */ = {isa = PBXFileReference; lastKnownFileType = sourcecode.swift; path = GalleryViewController.swift; sourceTree = "<group>"; };
		B7BD3E412444C4BF0057721C /* GalleryCollectionViewModel.swift */ = {isa = PBXFileReference; lastKnownFileType = sourcecode.swift; path = GalleryCollectionViewModel.swift; sourceTree = "<group>"; };
		B7BD3E452444CA500057721C /* PhotoDetailViewController.swift */ = {isa = PBXFileReference; lastKnownFileType = sourcecode.swift; path = PhotoDetailViewController.swift; sourceTree = "<group>"; };
		B7BD3E472444CE000057721C /* Router.swift */ = {isa = PBXFileReference; lastKnownFileType = sourcecode.swift; path = Router.swift; sourceTree = "<group>"; };
		B7BD3E492444CE0C0057721C /* URLFactory.swift */ = {isa = PBXFileReference; lastKnownFileType = sourcecode.swift; path = URLFactory.swift; sourceTree = "<group>"; };
		B7BD3E4B2444DE0B0057721C /* ImageCache.swift */ = {isa = PBXFileReference; lastKnownFileType = sourcecode.swift; path = ImageCache.swift; sourceTree = "<group>"; };
		B7BD3E4D2444DE200057721C /* ImageLoader.swift */ = {isa = PBXFileReference; lastKnownFileType = sourcecode.swift; path = ImageLoader.swift; sourceTree = "<group>"; };
/* End PBXFileReference section */

/* Begin PBXFrameworksBuildPhase section */
		B7BD3E132444BD560057721C /* Frameworks */ = {
			isa = PBXFrameworksBuildPhase;
			buildActionMask = 2147483647;
			files = (
			);
			runOnlyForDeploymentPostprocessing = 0;
		};
/* End PBXFrameworksBuildPhase section */

/* Begin PBXGroup section */
		B7BD3E0D2444BD560057721C = {
			isa = PBXGroup;
			children = (
				B7BD3E182444BD560057721C /* Gallery */,
				B7BD3E172444BD560057721C /* Products */,
			);
			sourceTree = "<group>";
		};
		B7BD3E172444BD560057721C /* Products */ = {
			isa = PBXGroup;
			children = (
				B7BD3E162444BD560057721C /* Gallery.app */,
			);
			name = Products;
			sourceTree = "<group>";
		};
		B7BD3E182444BD560057721C /* Gallery */ = {
			isa = PBXGroup;
			children = (
				B7BD3E392444C1B80057721C /* Utilities */,
				B7BD3E382444BEF90057721C /* Protocols */,
				B7BD3E2F2444BDC60057721C /* Model */,
				B7BD3E2E2444BDBE0057721C /* Services */,
				B7BD3E402444C4A20057721C /* View Model */,
				B7BD3E2D2444BD930057721C /* View Controllers */,
				B7BD3E192444BD560057721C /* AppDelegate.swift */,
				B7BD3E1F2444BD560057721C /* Main.storyboard */,
				B7BD3E222444BD590057721C /* Assets.xcassets */,
				B7BD3E242444BD590057721C /* LaunchScreen.storyboard */,
				B7BD3E272444BD590057721C /* Info.plist */,
				B72C4F32244756300081B65A /* Gallery.xcdatamodeld */,
			);
			path = Gallery;
			sourceTree = "<group>";
		};
		B7BD3E2D2444BD930057721C /* View Controllers */ = {
			isa = PBXGroup;
			children = (
				B7BD3E3E2444C4180057721C /* GalleryViewController.swift */,
				B7BD3E342444BE640057721C /* ImageCollectionViewCell.swift */,
				B7BD3E452444CA500057721C /* PhotoDetailViewController.swift */,
			);
			path = "View Controllers";
			sourceTree = "<group>";
		};
		B7BD3E2E2444BDBE0057721C /* Services */ = {
			isa = PBXGroup;
			children = (
				B72E368D2447614300E54982 /* Database.swift */,
				B7BD3E362444BEB70057721C /* Network.swift */,
				B7BD3E472444CE000057721C /* Router.swift */,
				B7BD3E4B2444DE0B0057721C /* ImageCache.swift */,
				B7BD3E4D2444DE200057721C /* ImageLoader.swift */,
			);
			path = Services;
			sourceTree = "<group>";
		};
		B7BD3E2F2444BDC60057721C /* Model */ = {
			isa = PBXGroup;
			children = (
				B72C4F472447571A0081B65A /* Image.swift */,
			);
			path = Model;
			sourceTree = "<group>";
		};
		B7BD3E382444BEF90057721C /* Protocols */ = {
			isa = PBXGroup;
			children = (
				B7BD3E3C2444C29F0057721C /* Cancellable.swift */,
				B72C4F0A2446636A0081B65A /* ReusableCell.swift */,
				B7BD3E492444CE0C0057721C /* URLFactory.swift */,
				B72C4F39244756510081B65A /* CacheableImage.swift */,
			);
			path = Protocols;
			sourceTree = "<group>";
		};
		B7BD3E392444C1B80057721C /* Utilities */ = {
			isa = PBXGroup;
			children = (
				B72E36952447A97600E54982 /* CGSize+Image.swift */,
				B72E36932447919E00E54982 /* UIImageExtensions.swift */,
			);
			path = Utilities;
			sourceTree = "<group>";
		};
		B7BD3E402444C4A20057721C /* View Model */ = {
			isa = PBXGroup;
			children = (
				B7BD3E412444C4BF0057721C /* GalleryCollectionViewModel.swift */,
			);
			path = "View Model";
			sourceTree = "<group>";
		};
/* End PBXGroup section */

/* Begin PBXNativeTarget section */
		B7BD3E152444BD560057721C /* Gallery */ = {
			isa = PBXNativeTarget;
			buildConfigurationList = B7BD3E2A2444BD590057721C /* Build configuration list for PBXNativeTarget "Gallery" */;
			buildPhases = (
				B7BD3E122444BD560057721C /* Sources */,
				B7BD3E132444BD560057721C /* Frameworks */,
				B7BD3E142444BD560057721C /* Resources */,
			);
			buildRules = (
			);
			dependencies = (
			);
			name = Gallery;
			productName = Gallery;
			productReference = B7BD3E162444BD560057721C /* Gallery.app */;
			productType = "com.apple.product-type.application";
		};
/* End PBXNativeTarget section */

/* Begin PBXProject section */
		B7BD3E0E2444BD560057721C /* Project object */ = {
			isa = PBXProject;
			attributes = {
				LastSwiftUpdateCheck = 1140;
				LastUpgradeCheck = 1140;
				ORGANIZATIONNAME = "Jan Nemecek";
				TargetAttributes = {
					B7BD3E152444BD560057721C = {
						CreatedOnToolsVersion = 11.4;
					};
				};
			};
			buildConfigurationList = B7BD3E112444BD560057721C /* Build configuration list for PBXProject "Gallery" */;
			compatibilityVersion = "Xcode 9.3";
			developmentRegion = en;
			hasScannedForEncodings = 0;
			knownRegions = (
				en,
				Base,
			);
			mainGroup = B7BD3E0D2444BD560057721C;
			productRefGroup = B7BD3E172444BD560057721C /* Products */;
			projectDirPath = "";
			projectRoot = "";
			targets = (
				B7BD3E152444BD560057721C /* Gallery */,
			);
		};
/* End PBXProject section */

/* Begin PBXResourcesBuildPhase section */
		B7BD3E142444BD560057721C /* Resources */ = {
			isa = PBXResourcesBuildPhase;
			buildActionMask = 2147483647;
			files = (
				B7BD3E262444BD590057721C /* LaunchScreen.storyboard in Resources */,
				B7BD3E232444BD590057721C /* Assets.xcassets in Resources */,
				B7BD3E212444BD560057721C /* Main.storyboard in Resources */,
			);
			runOnlyForDeploymentPostprocessing = 0;
		};
/* End PBXResourcesBuildPhase section */

/* Begin PBXSourcesBuildPhase section */
		B7BD3E122444BD560057721C /* Sources */ = {
			isa = PBXSourcesBuildPhase;
			buildActionMask = 2147483647;
			files = (
				B7BD3E4C2444DE0B0057721C /* ImageCache.swift in Sources */,
				B7BD3E3D2444C29F0057721C /* Cancellable.swift in Sources */,
				B7BD3E4E2444DE200057721C /* ImageLoader.swift in Sources */,
				B7BD3E352444BE640057721C /* ImageCollectionViewCell.swift in Sources */,
				B7BD3E372444BEB70057721C /* Network.swift in Sources */,
				B72C4F34244756300081B65A /* Gallery.xcdatamodeld in Sources */,
				B7BD3E482444CE000057721C /* Router.swift in Sources */,
				B7BD3E3F2444C4180057721C /* GalleryViewController.swift in Sources */,
				B72C4F3A244756510081B65A /* CacheableImage.swift in Sources */,
				B72C4F492447571A0081B65A /* Image.swift in Sources */,
				B7BD3E4A2444CE0C0057721C /* URLFactory.swift in Sources */,
				B7BD3E1A2444BD560057721C /* AppDelegate.swift in Sources */,
				B7BD3E462444CA500057721C /* PhotoDetailViewController.swift in Sources */,
				B7BD3E422444C4BF0057721C /* GalleryCollectionViewModel.swift in Sources */,
				B72E36962447A97600E54982 /* CGSize+Image.swift in Sources */,
				B72E368E2447614300E54982 /* Database.swift in Sources */,
				B72C4F0B2446636A0081B65A /* ReusableCell.swift in Sources */,
				B72E36942447919E00E54982 /* UIImageExtensions.swift in Sources */,
			);
			runOnlyForDeploymentPostprocessing = 0;
		};
/* End PBXSourcesBuildPhase section */

/* Begin PBXVariantGroup section */
		B7BD3E1F2444BD560057721C /* Main.storyboard */ = {
			isa = PBXVariantGroup;
			children = (
				B7BD3E202444BD560057721C /* Base */,
			);
			name = Main.storyboard;
			sourceTree = "<group>";
		};
		B7BD3E242444BD590057721C /* LaunchScreen.storyboard */ = {
			isa = PBXVariantGroup;
			children = (
				B7BD3E252444BD590057721C /* Base */,
			);
			name = LaunchScreen.storyboard;
			sourceTree = "<group>";
		};
/* End PBXVariantGroup section */

/* Begin XCBuildConfiguration section */
		B7BD3E282444BD590057721C /* Debug */ = {
			isa = XCBuildConfiguration;
			buildSettings = {
				ALWAYS_SEARCH_USER_PATHS = NO;
				CLANG_ANALYZER_NONNULL = YES;
				CLANG_ANALYZER_NUMBER_OBJECT_CONVERSION = YES_AGGRESSIVE;
				CLANG_CXX_LANGUAGE_STANDARD = "gnu++14";
				CLANG_CXX_LIBRARY = "libc++";
				CLANG_ENABLE_MODULES = YES;
				CLANG_ENABLE_OBJC_ARC = YES;
				CLANG_ENABLE_OBJC_WEAK = YES;
				CLANG_WARN_BLOCK_CAPTURE_AUTORELEASING = YES;
				CLANG_WARN_BOOL_CONVERSION = YES;
				CLANG_WARN_COMMA = YES;
				CLANG_WARN_CONSTANT_CONVERSION = YES;
				CLANG_WARN_DEPRECATED_OBJC_IMPLEMENTATIONS = YES;
				CLANG_WARN_DIRECT_OBJC_ISA_USAGE = YES_ERROR;
				CLANG_WARN_DOCUMENTATION_COMMENTS = YES;
				CLANG_WARN_EMPTY_BODY = YES;
				CLANG_WARN_ENUM_CONVERSION = YES;
				CLANG_WARN_INFINITE_RECURSION = YES;
				CLANG_WARN_INT_CONVERSION = YES;
				CLANG_WARN_NON_LITERAL_NULL_CONVERSION = YES;
				CLANG_WARN_OBJC_IMPLICIT_RETAIN_SELF = YES;
				CLANG_WARN_OBJC_LITERAL_CONVERSION = YES;
				CLANG_WARN_OBJC_ROOT_CLASS = YES_ERROR;
				CLANG_WARN_RANGE_LOOP_ANALYSIS = YES;
				CLANG_WARN_STRICT_PROTOTYPES = YES;
				CLANG_WARN_SUSPICIOUS_MOVE = YES;
				CLANG_WARN_UNGUARDED_AVAILABILITY = YES_AGGRESSIVE;
				CLANG_WARN_UNREACHABLE_CODE = YES;
				CLANG_WARN__DUPLICATE_METHOD_MATCH = YES;
				COPY_PHASE_STRIP = NO;
				DEBUG_INFORMATION_FORMAT = dwarf;
				ENABLE_STRICT_OBJC_MSGSEND = YES;
				ENABLE_TESTABILITY = YES;
				GCC_C_LANGUAGE_STANDARD = gnu11;
				GCC_DYNAMIC_NO_PIC = NO;
				GCC_NO_COMMON_BLOCKS = YES;
				GCC_OPTIMIZATION_LEVEL = 0;
				GCC_PREPROCESSOR_DEFINITIONS = (
					"DEBUG=1",
					"$(inherited)",
				);
				GCC_WARN_64_TO_32_BIT_CONVERSION = YES;
				GCC_WARN_ABOUT_RETURN_TYPE = YES_ERROR;
				GCC_WARN_UNDECLARED_SELECTOR = YES;
				GCC_WARN_UNINITIALIZED_AUTOS = YES_AGGRESSIVE;
				GCC_WARN_UNUSED_FUNCTION = YES;
				GCC_WARN_UNUSED_VARIABLE = YES;
				IPHONEOS_DEPLOYMENT_TARGET = 13.4;
				MTL_ENABLE_DEBUG_INFO = INCLUDE_SOURCE;
				MTL_FAST_MATH = YES;
				ONLY_ACTIVE_ARCH = YES;
				SDKROOT = iphoneos;
				SWIFT_ACTIVE_COMPILATION_CONDITIONS = DEBUG;
				SWIFT_OPTIMIZATION_LEVEL = "-Onone";
			};
			name = Debug;
		};
		B7BD3E292444BD590057721C /* Release */ = {
			isa = XCBuildConfiguration;
			buildSettings = {
				ALWAYS_SEARCH_USER_PATHS = NO;
				CLANG_ANALYZER_NONNULL = YES;
				CLANG_ANALYZER_NUMBER_OBJECT_CONVERSION = YES_AGGRESSIVE;
				CLANG_CXX_LANGUAGE_STANDARD = "gnu++14";
				CLANG_CXX_LIBRARY = "libc++";
				CLANG_ENABLE_MODULES = YES;
				CLANG_ENABLE_OBJC_ARC = YES;
				CLANG_ENABLE_OBJC_WEAK = YES;
				CLANG_WARN_BLOCK_CAPTURE_AUTORELEASING = YES;
				CLANG_WARN_BOOL_CONVERSION = YES;
				CLANG_WARN_COMMA = YES;
				CLANG_WARN_CONSTANT_CONVERSION = YES;
				CLANG_WARN_DEPRECATED_OBJC_IMPLEMENTATIONS = YES;
				CLANG_WARN_DIRECT_OBJC_ISA_USAGE = YES_ERROR;
				CLANG_WARN_DOCUMENTATION_COMMENTS = YES;
				CLANG_WARN_EMPTY_BODY = YES;
				CLANG_WARN_ENUM_CONVERSION = YES;
				CLANG_WARN_INFINITE_RECURSION = YES;
				CLANG_WARN_INT_CONVERSION = YES;
				CLANG_WARN_NON_LITERAL_NULL_CONVERSION = YES;
				CLANG_WARN_OBJC_IMPLICIT_RETAIN_SELF = YES;
				CLANG_WARN_OBJC_LITERAL_CONVERSION = YES;
				CLANG_WARN_OBJC_ROOT_CLASS = YES_ERROR;
				CLANG_WARN_RANGE_LOOP_ANALYSIS = YES;
				CLANG_WARN_STRICT_PROTOTYPES = YES;
				CLANG_WARN_SUSPICIOUS_MOVE = YES;
				CLANG_WARN_UNGUARDED_AVAILABILITY = YES_AGGRESSIVE;
				CLANG_WARN_UNREACHABLE_CODE = YES;
				CLANG_WARN__DUPLICATE_METHOD_MATCH = YES;
				COPY_PHASE_STRIP = NO;
				DEBUG_INFORMATION_FORMAT = "dwarf-with-dsym";
				ENABLE_NS_ASSERTIONS = NO;
				ENABLE_STRICT_OBJC_MSGSEND = YES;
				GCC_C_LANGUAGE_STANDARD = gnu11;
				GCC_NO_COMMON_BLOCKS = YES;
				GCC_WARN_64_TO_32_BIT_CONVERSION = YES;
				GCC_WARN_ABOUT_RETURN_TYPE = YES_ERROR;
				GCC_WARN_UNDECLARED_SELECTOR = YES;
				GCC_WARN_UNINITIALIZED_AUTOS = YES_AGGRESSIVE;
				GCC_WARN_UNUSED_FUNCTION = YES;
				GCC_WARN_UNUSED_VARIABLE = YES;
				IPHONEOS_DEPLOYMENT_TARGET = 13.4;
				MTL_ENABLE_DEBUG_INFO = NO;
				MTL_FAST_MATH = YES;
				SDKROOT = iphoneos;
				SWIFT_COMPILATION_MODE = wholemodule;
				SWIFT_OPTIMIZATION_LEVEL = "-O";
				VALIDATE_PRODUCT = YES;
			};
			name = Release;
		};
		B7BD3E2B2444BD590057721C /* Debug */ = {
			isa = XCBuildConfiguration;
			buildSettings = {
				ASSETCATALOG_COMPILER_APPICON_NAME = AppIcon;
				CODE_SIGN_STYLE = Automatic;
				DEVELOPMENT_TEAM = 89BDAY3D45;
				INFOPLIST_FILE = Gallery/Info.plist;
				IPHONEOS_DEPLOYMENT_TARGET = 11.0;
				LD_RUNPATH_SEARCH_PATHS = (
					"$(inherited)",
					"@executable_path/Frameworks",
				);
				PRODUCT_BUNDLE_IDENTIFIER = com.jannemecek.Gallery;
				PRODUCT_NAME = "$(TARGET_NAME)";
				SWIFT_VERSION = 5.0;
				TARGETED_DEVICE_FAMILY = "1,2";
			};
			name = Debug;
		};
		B7BD3E2C2444BD590057721C /* Release */ = {
			isa = XCBuildConfiguration;
			buildSettings = {
				ASSETCATALOG_COMPILER_APPICON_NAME = AppIcon;
				CODE_SIGN_STYLE = Automatic;
				DEVELOPMENT_TEAM = 89BDAY3D45;
				INFOPLIST_FILE = Gallery/Info.plist;
				IPHONEOS_DEPLOYMENT_TARGET = 11.0;
				LD_RUNPATH_SEARCH_PATHS = (
					"$(inherited)",
					"@executable_path/Frameworks",
				);
				PRODUCT_BUNDLE_IDENTIFIER = com.jannemecek.Gallery;
				PRODUCT_NAME = "$(TARGET_NAME)";
				SWIFT_VERSION = 5.0;
				TARGETED_DEVICE_FAMILY = "1,2";
			};
			name = Release;
		};
/* End XCBuildConfiguration section */

/* Begin XCConfigurationList section */
		B7BD3E112444BD560057721C /* Build configuration list for PBXProject "Gallery" */ = {
			isa = XCConfigurationList;
			buildConfigurations = (
				B7BD3E282444BD590057721C /* Debug */,
				B7BD3E292444BD590057721C /* Release */,
			);
			defaultConfigurationIsVisible = 0;
			defaultConfigurationName = Release;
		};
		B7BD3E2A2444BD590057721C /* Build configuration list for PBXNativeTarget "Gallery" */ = {
			isa = XCConfigurationList;
			buildConfigurations = (
				B7BD3E2B2444BD590057721C /* Debug */,
				B7BD3E2C2444BD590057721C /* Release */,
			);
			defaultConfigurationIsVisible = 0;
			defaultConfigurationName = Release;
		};
/* End XCConfigurationList section */

/* Begin XCVersionGroup section */
		B72C4F32244756300081B65A /* Gallery.xcdatamodeld */ = {
			isa = XCVersionGroup;
			children = (
				B72C4F33244756300081B65A /* Gallery.xcdatamodel */,
			);
			currentVersion = B72C4F33244756300081B65A /* Gallery.xcdatamodel */;
			path = Gallery.xcdatamodeld;
			sourceTree = "<group>";
			versionGroupType = wrapper.xcdatamodel;
		};
/* End XCVersionGroup section */
	};
	rootObject = B7BD3E0E2444BD560057721C /* Project object */;
}
